
Microsoft Visual Studio Solution File, Format Version 12.00
# Visual Studio Version 17
VisualStudioVersion = 17.0.31903.59
MinimumVisualStudioVersion = 10.0.40219.1
Project("{2150E333-8FDC-42A3-9474-1A3956D46DE8}") = "src", "src", "{FFBEBA03-876F-431B-AD87-B0286D96FAFA}"
EndProject
Project("{FAE04EC0-301F-11D3-BF4B-00C04F79EFBC}") = "FoodTruckApi", "src\FoodTruckApi\FoodTruckApi.csproj", "{35E85F5F-D717-488B-92E6-8E83688DCE36}"
EndProject
Project("{2150E333-8FDC-42A3-9474-1A3956D46DE8}") = "tests", "tests", "{72905400-1885-4E90-8F66-AF6D0FA7A61B}"
EndProject
Project("{FAE04EC0-301F-11D3-BF4B-00C04F79EFBC}") = "FoodTruckApi.Tests", "tests\FoodTruckApi.Tests\FoodTruckApi.Tests.csproj", "{C7DEF164-C224-4D80-A9E2-2DB01E51209F}"
EndProject
Global
	GlobalSection(SolutionConfigurationPlatforms) = preSolution
		Debug|Any CPU = Debug|Any CPU
		Release|Any CPU = Release|Any CPU
	EndGlobalSection
	GlobalSection(SolutionProperties) = preSolution
		HideSolutionNode = FALSE
	EndGlobalSection
	GlobalSection(ProjectConfigurationPlatforms) = postSolution
		{35E85F5F-D717-488B-92E6-8E83688DCE36}.Debug|Any CPU.ActiveCfg = Debug|Any CPU
		{35E85F5F-D717-488B-92E6-8E83688DCE36}.Debug|Any CPU.Build.0 = Debug|Any CPU
		{35E85F5F-D717-488B-92E6-8E83688DCE36}.Release|Any CPU.ActiveCfg = Release|Any CPU
		{35E85F5F-D717-488B-92E6-8E83688DCE36}.Release|Any CPU.Build.0 = Release|Any CPU
		{C7DEF164-C224-4D80-A9E2-2DB01E51209F}.Debug|Any CPU.ActiveCfg = Debug|Any CPU
		{C7DEF164-C224-4D80-A9E2-2DB01E51209F}.Debug|Any CPU.Build.0 = Debug|Any CPU
		{C7DEF164-C224-4D80-A9E2-2DB01E51209F}.Release|Any CPU.ActiveCfg = Release|Any CPU
		{C7DEF164-C224-4D80-A9E2-2DB01E51209F}.Release|Any CPU.Build.0 = Release|Any CPU
	EndGlobalSection
	GlobalSection(NestedProjects) = preSolution
		{35E85F5F-D717-488B-92E6-8E83688DCE36} = {FFBEBA03-876F-431B-AD87-B0286D96FAFA}
		{C7DEF164-C224-4D80-A9E2-2DB01E51209F} = {72905400-1885-4E90-8F66-AF6D0FA7A61B}
	EndGlobalSection
EndGlobal
